
Microsoft Visual Studio Solution File, Format Version 12.00
# Visual Studio Version 16
VisualStudioVersion = 16.0.31019.35
MinimumVisualStudioVersion = 10.0.40219.1
Project("{FAE04EC0-301F-11D3-BF4B-00C04F79EFBC}") = "helloWorld", "helloWorld\helloWorld.csproj", "{8F34A548-904D-447B-B2EC-47C337A07B06}"
EndProject
Global
	GlobalSection(SolutionConfigurationPlatforms) = preSolution
		Debug|Any CPU = Debug|Any CPU
		Release|Any CPU = Release|Any CPU
	EndGlobalSection
	GlobalSection(ProjectConfigurationPlatforms) = postSolution
		{8F34A548-904D-447B-B2EC-47C337A07B06}.Debug|Any CPU.ActiveCfg = Debug|Any CPU
		{8F34A548-904D-447B-B2EC-47C337A07B06}.Debug|Any CPU.Build.0 = Debug|Any CPU
		{8F34A548-904D-447B-B2EC-47C337A07B06}.Release|Any CPU.ActiveCfg = Release|Any CPU
		{8F34A548-904D-447B-B2EC-47C337A07B06}.Release|Any CPU.Build.0 = Release|Any CPU
	EndGlobalSection
	GlobalSection(SolutionProperties) = preSolution
		HideSolutionNode = FALSE
	EndGlobalSection
	GlobalSection(ExtensibilityGlobals) = postSolution
		SolutionGuid = {21F7FFA2-F34D-45E4-B33A-3F7908F2ECD8}
	EndGlobalSection
EndGlobal
